
Microsoft Visual Studio Solution File, Format Version 12.00
# Visual Studio Version 16
VisualStudioVersion = 16.0.29613.14
MinimumVisualStudioVersion = 10.0.40219.1
Project("{FAE04EC0-301F-11D3-BF4B-00C04F79EFBC}") = "photoshopCsharp", "photoshopCsharp.csproj", "{ADE86CC5-ABB5-46E5-9C5E-113F3C926E9E}"
EndProject
Project("{FAE04EC0-301F-11D3-BF4B-00C04F79EFBC}") = "PhotoshopTests", "..\PhotoshopTests\PhotoshopTests.csproj", "{899581A1-342F-4C76-BD1D-3FF9F19E3392}"
EndProject
Global
	GlobalSection(SolutionConfigurationPlatforms) = preSolution
		Debug|Any CPU = Debug|Any CPU
		Release|Any CPU = Release|Any CPU
	EndGlobalSection
	GlobalSection(ProjectConfigurationPlatforms) = postSolution
		{ADE86CC5-ABB5-46E5-9C5E-113F3C926E9E}.Debug|Any CPU.ActiveCfg = Debug|Any CPU
		{ADE86CC5-ABB5-46E5-9C5E-113F3C926E9E}.Debug|Any CPU.Build.0 = Debug|Any CPU
		{ADE86CC5-ABB5-46E5-9C5E-113F3C926E9E}.Release|Any CPU.ActiveCfg = Release|Any CPU
		{ADE86CC5-ABB5-46E5-9C5E-113F3C926E9E}.Release|Any CPU.Build.0 = Release|Any CPU
		{899581A1-342F-4C76-BD1D-3FF9F19E3392}.Debug|Any CPU.ActiveCfg = Debug|Any CPU
		{899581A1-342F-4C76-BD1D-3FF9F19E3392}.Debug|Any CPU.Build.0 = Debug|Any CPU
		{899581A1-342F-4C76-BD1D-3FF9F19E3392}.Release|Any CPU.ActiveCfg = Release|Any CPU
		{899581A1-342F-4C76-BD1D-3FF9F19E3392}.Release|Any CPU.Build.0 = Release|Any CPU
	EndGlobalSection
	GlobalSection(SolutionProperties) = preSolution
		HideSolutionNode = FALSE
	EndGlobalSection
	GlobalSection(ExtensibilityGlobals) = postSolution
		SolutionGuid = {D6145A8B-AFE5-4667-A0A6-D6540B912219}
	EndGlobalSection
EndGlobal
